// !$*UTF8*$!
{
	archiveVersion = 1;
	classes = {
	};
	objectVersion = 50;
	objects = {

/* Begin PBXBuildFile section */
		EC83E45F24909B1100D1D8EC /* AppDelegate.m in Sources */ = {isa = PBXBuildFile; fileRef = EC83E45E24909B1100D1D8EC /* AppDelegate.m */; };
		EC83E46224909B1100D1D8EC /* SceneDelegate.m in Sources */ = {isa = PBXBuildFile; fileRef = EC83E46124909B1100D1D8EC /* SceneDelegate.m */; };
		EC83E46524909B1100D1D8EC /* ViewController.mm in Sources */ = {isa = PBXBuildFile; fileRef = EC83E46424909B1100D1D8EC /* ViewController.mm */; };
		EC83E46824909B1100D1D8EC /* Main.storyboard in Resources */ = {isa = PBXBuildFile; fileRef = EC83E46624909B1100D1D8EC /* Main.storyboard */; };
		EC83E46A24909B1400D1D8EC /* Assets.xcassets in Resources */ = {isa = PBXBuildFile; fileRef = EC83E46924909B1400D1D8EC /* Assets.xcassets */; };
		EC83E46D24909B1400D1D8EC /* LaunchScreen.storyboard in Resources */ = {isa = PBXBuildFile; fileRef = EC83E46B24909B1400D1D8EC /* LaunchScreen.storyboard */; };
		EC83E47024909B1400D1D8EC /* main.m in Sources */ = {isa = PBXBuildFile; fileRef = EC83E46F24909B1400D1D8EC /* main.m */; };
		EC83E495249226AB00D1D8EC /* FuntionCpp.cpp in Sources */ = {isa = PBXBuildFile; fileRef = EC83E493249226AB00D1D8EC /* FuntionCpp.cpp */; };
		EC83E496249226AB00D1D8EC /* FuntionCpp.h in Headers */ = {isa = PBXBuildFile; fileRef = EC83E494249226AB00D1D8EC /* FuntionCpp.h */; };
		ECF8EDC2249326980052A27C /* videodemo.mp4 in Resources */ = {isa = PBXBuildFile; fileRef = ECF8EDC1249326980052A27C /* videodemo.mp4 */; };
/* End PBXBuildFile section */

/* Begin PBXFileReference section */
		EC83E45A24909B1100D1D8EC /* test.app */ = {isa = PBXFileReference; explicitFileType = wrapper.application; includeInIndex = 0; path = test.app; sourceTree = BUILT_PRODUCTS_DIR; };
		EC83E45D24909B1100D1D8EC /* AppDelegate.h */ = {isa = PBXFileReference; lastKnownFileType = sourcecode.c.h; path = AppDelegate.h; sourceTree = "<group>"; };
		EC83E45E24909B1100D1D8EC /* AppDelegate.m */ = {isa = PBXFileReference; lastKnownFileType = sourcecode.c.objc; path = AppDelegate.m; sourceTree = "<group>"; };
		EC83E46024909B1100D1D8EC /* SceneDelegate.h */ = {isa = PBXFileReference; lastKnownFileType = sourcecode.c.h; path = SceneDelegate.h; sourceTree = "<group>"; };
		EC83E46124909B1100D1D8EC /* SceneDelegate.m */ = {isa = PBXFileReference; lastKnownFileType = sourcecode.c.objc; path = SceneDelegate.m; sourceTree = "<group>"; };
		EC83E46324909B1100D1D8EC /* ViewController.h */ = {isa = PBXFileReference; lastKnownFileType = sourcecode.c.h; path = ViewController.h; sourceTree = "<group>"; };
		EC83E46424909B1100D1D8EC /* ViewController.mm */ = {isa = PBXFileReference; lastKnownFileType = sourcecode.cpp.objcpp; path = ViewController.mm; sourceTree = "<group>"; };
		EC83E46724909B1100D1D8EC /* Base */ = {isa = PBXFileReference; lastKnownFileType = file.storyboard; name = Base; path = Base.lproj/Main.storyboard; sourceTree = "<group>"; };
		EC83E46924909B1400D1D8EC /* Assets.xcassets */ = {isa = PBXFileReference; lastKnownFileType = folder.assetcatalog; path = Assets.xcassets; sourceTree = "<group>"; };
		EC83E46C24909B1400D1D8EC /* Base */ = {isa = PBXFileReference; lastKnownFileType = file.storyboard; name = Base; path = Base.lproj/LaunchScreen.storyboard; sourceTree = "<group>"; };
		EC83E46E24909B1400D1D8EC /* Info.plist */ = {isa = PBXFileReference; lastKnownFileType = text.plist.xml; path = Info.plist; sourceTree = "<group>"; };
		EC83E46F24909B1400D1D8EC /* main.m */ = {isa = PBXFileReference; lastKnownFileType = sourcecode.c.objc; path = main.m; sourceTree = "<group>"; };
		EC83E493249226AB00D1D8EC /* FuntionCpp.cpp */ = {isa = PBXFileReference; fileEncoding = 4; lastKnownFileType = sourcecode.cpp.cpp; path = FuntionCpp.cpp; sourceTree = "<group>"; };
		EC83E494249226AB00D1D8EC /* FuntionCpp.h */ = {isa = PBXFileReference; fileEncoding = 4; lastKnownFileType = sourcecode.c.h; path = FuntionCpp.h; sourceTree = "<group>"; };
		ECF8EDC1249326980052A27C /* videodemo.mp4 */ = {isa = PBXFileReference; lastKnownFileType = file; path = videodemo.mp4; sourceTree = "<group>"; };
/* End PBXFileReference section */

/* Begin PBXFrameworksBuildPhase section */
		EC83E45724909B1100D1D8EC /* Frameworks */ = {
			isa = PBXFrameworksBuildPhase;
			buildActionMask = 2147483647;
			files = (
			);
			runOnlyForDeploymentPostprocessing = 0;
		};
/* End PBXFrameworksBuildPhase section */

/* Begin PBXGroup section */
		EC83E45124909B1100D1D8EC = {
			isa = PBXGroup;
			children = (
				EC83E45C24909B1100D1D8EC /* test */,
				EC83E45B24909B1100D1D8EC /* Products */,
				EC83E49724923BB200D1D8EC /* Frameworks */,
			);
			sourceTree = "<group>";
		};
		EC83E45B24909B1100D1D8EC /* Products */ = {
			isa = PBXGroup;
			children = (
				EC83E45A24909B1100D1D8EC /* test.app */,
			);
			name = Products;
			sourceTree = "<group>";
		};
		EC83E45C24909B1100D1D8EC /* test */ = {
			isa = PBXGroup;
			children = (
				EC83E4892491E21700D1D8EC /* Source Cpp */,
				EC83E47C2491C5D200D1D8EC /* View Controllers */,
				EC83E47F2491C62600D1D8EC /* Story Board */,
				EC83E4812491C69300D1D8EC /* Others */,
				EC83E46F24909B1400D1D8EC /* main.m */,
				EC83E46E24909B1400D1D8EC /* Info.plist */,
				EC83E46924909B1400D1D8EC /* Assets.xcassets */,
				ECF8EDC1249326980052A27C /* videodemo.mp4 */,
			);
			path = test;
			sourceTree = "<group>";
		};
		EC83E47C2491C5D200D1D8EC /* View Controllers */ = {
			isa = PBXGroup;
			children = (
				EC83E47E2491C60300D1D8EC /* Calculator */,
			);
			path = "View Controllers";
			sourceTree = "<group>";
		};
		EC83E47E2491C60300D1D8EC /* Calculator */ = {
			isa = PBXGroup;
			children = (
				EC83E46324909B1100D1D8EC /* ViewController.h */,
				EC83E46424909B1100D1D8EC /* ViewController.mm */,
			);
			path = Calculator;
			sourceTree = "<group>";
		};
		EC83E47F2491C62600D1D8EC /* Story Board */ = {
			isa = PBXGroup;
			children = (
				EC83E46624909B1100D1D8EC /* Main.storyboard */,
				EC83E46B24909B1400D1D8EC /* LaunchScreen.storyboard */,
			);
			path = "Story Board";
			sourceTree = "<group>";
		};
		EC83E4812491C69300D1D8EC /* Others */ = {
			isa = PBXGroup;
			children = (
				EC83E45D24909B1100D1D8EC /* AppDelegate.h */,
				EC83E45E24909B1100D1D8EC /* AppDelegate.m */,
				EC83E46024909B1100D1D8EC /* SceneDelegate.h */,
				EC83E46124909B1100D1D8EC /* SceneDelegate.m */,
			);
			path = Others;
			sourceTree = "<group>";
		};
		EC83E4892491E21700D1D8EC /* Source Cpp */ = {
			isa = PBXGroup;
			children = (
				EC83E493249226AB00D1D8EC /* FuntionCpp.cpp */,
				EC83E494249226AB00D1D8EC /* FuntionCpp.h */,
			);
			path = "Source Cpp";
			sourceTree = "<group>";
		};
		EC83E49724923BB200D1D8EC /* Frameworks */ = {
			isa = PBXGroup;
			children = (
			);
			name = Frameworks;
			sourceTree = "<group>";
		};
/* End PBXGroup section */

/* Begin PBXHeadersBuildPhase section */
		EC83E48D2492225F00D1D8EC /* Headers */ = {
			isa = PBXHeadersBuildPhase;
			buildActionMask = 2147483647;
			files = (
				EC83E496249226AB00D1D8EC /* FuntionCpp.h in Headers */,
			);
			runOnlyForDeploymentPostprocessing = 0;
		};
/* End PBXHeadersBuildPhase section */

/* Begin PBXNativeTarget section */
		EC83E45924909B1100D1D8EC /* test */ = {
			isa = PBXNativeTarget;
			buildConfigurationList = EC83E47324909B1400D1D8EC /* Build configuration list for PBXNativeTarget "test" */;
			buildPhases = (
				EC83E48D2492225F00D1D8EC /* Headers */,
				EC83E45624909B1100D1D8EC /* Sources */,
				EC83E45724909B1100D1D8EC /* Frameworks */,
				EC83E45824909B1100D1D8EC /* Resources */,
			);
			buildRules = (
			);
			dependencies = (
			);
			name = test;
			productName = test;
			productReference = EC83E45A24909B1100D1D8EC /* test.app */;
			productType = "com.apple.product-type.application";
		};
/* End PBXNativeTarget section */

/* Begin PBXProject section */
		EC83E45224909B1100D1D8EC /* Project object */ = {
			isa = PBXProject;
			attributes = {
				LastUpgradeCheck = 1150;
				ORGANIZATIONNAME = "Nguyen Anh Thai";
				TargetAttributes = {
					EC83E45924909B1100D1D8EC = {
						CreatedOnToolsVersion = 11.5;
					};
				};
			};
			buildConfigurationList = EC83E45524909B1100D1D8EC /* Build configuration list for PBXProject "test" */;
			compatibilityVersion = "Xcode 9.3";
			developmentRegion = en;
			hasScannedForEncodings = 0;
			knownRegions = (
				en,
				Base,
			);
			mainGroup = EC83E45124909B1100D1D8EC;
			productRefGroup = EC83E45B24909B1100D1D8EC /* Products */;
			projectDirPath = "";
			projectRoot = "";
			targets = (
				EC83E45924909B1100D1D8EC /* test */,
			);
		};
/* End PBXProject section */

/* Begin PBXResourcesBuildPhase section */
		EC83E45824909B1100D1D8EC /* Resources */ = {
			isa = PBXResourcesBuildPhase;
			buildActionMask = 2147483647;
			files = (
				ECF8EDC2249326980052A27C /* videodemo.mp4 in Resources */,
				EC83E46D24909B1400D1D8EC /* LaunchScreen.storyboard in Resources */,
				EC83E46A24909B1400D1D8EC /* Assets.xcassets in Resources */,
				EC83E46824909B1100D1D8EC /* Main.storyboard in Resources */,
			);
			runOnlyForDeploymentPostprocessing = 0;
		};
/* End PBXResourcesBuildPhase section */

/* Begin PBXSourcesBuildPhase section */
		EC83E45624909B1100D1D8EC /* Sources */ = {
			isa = PBXSourcesBuildPhase;
			buildActionMask = 2147483647;
			files = (
				EC83E46524909B1100D1D8EC /* ViewController.mm in Sources */,
				EC83E45F24909B1100D1D8EC /* AppDelegate.m in Sources */,
				EC83E47024909B1400D1D8EC /* main.m in Sources */,
				EC83E495249226AB00D1D8EC /* FuntionCpp.cpp in Sources */,
				EC83E46224909B1100D1D8EC /* SceneDelegate.m in Sources */,
			);
			runOnlyForDeploymentPostprocessing = 0;
		};
/* End PBXSourcesBuildPhase section */

/* Begin PBXVariantGroup section */
		EC83E46624909B1100D1D8EC /* Main.storyboard */ = {
			isa = PBXVariantGroup;
			children = (
				EC83E46724909B1100D1D8EC /* Base */,
			);
			name = Main.storyboard;
			sourceTree = "<group>";
		};
		EC83E46B24909B1400D1D8EC /* LaunchScreen.storyboard */ = {
			isa = PBXVariantGroup;
			children = (
				EC83E46C24909B1400D1D8EC /* Base */,
			);
			name = LaunchScreen.storyboard;
			sourceTree = "<group>";
		};
/* End PBXVariantGroup section */

/* Begin XCBuildConfiguration section */
		EC83E47124909B1400D1D8EC /* Debug */ = {
			isa = XCBuildConfiguration;
			buildSettings = {
				ALWAYS_SEARCH_USER_PATHS = NO;
				CLANG_ANALYZER_NONNULL = YES;
				CLANG_ANALYZER_NUMBER_OBJECT_CONVERSION = YES_AGGRESSIVE;
				CLANG_CXX_LANGUAGE_STANDARD = "gnu++14";
				CLANG_CXX_LIBRARY = "libc++";
				CLANG_ENABLE_MODULES = YES;
				CLANG_ENABLE_OBJC_ARC = YES;
				CLANG_ENABLE_OBJC_WEAK = YES;
				CLANG_WARN_BLOCK_CAPTURE_AUTORELEASING = YES;
				CLANG_WARN_BOOL_CONVERSION = YES;
				CLANG_WARN_COMMA = YES;
				CLANG_WARN_CONSTANT_CONVERSION = YES;
				CLANG_WARN_DEPRECATED_OBJC_IMPLEMENTATIONS = YES;
				CLANG_WARN_DIRECT_OBJC_ISA_USAGE = YES_ERROR;
				CLANG_WARN_DOCUMENTATION_COMMENTS = YES;
				CLANG_WARN_EMPTY_BODY = YES;
				CLANG_WARN_ENUM_CONVERSION = YES;
				CLANG_WARN_INFINITE_RECURSION = YES;
				CLANG_WARN_INT_CONVERSION = YES;
				CLANG_WARN_NON_LITERAL_NULL_CONVERSION = YES;
				CLANG_WARN_OBJC_IMPLICIT_RETAIN_SELF = YES;
				CLANG_WARN_OBJC_LITERAL_CONVERSION = YES;
				CLANG_WARN_OBJC_ROOT_CLASS = YES_ERROR;
				CLANG_WARN_RANGE_LOOP_ANALYSIS = YES;
				CLANG_WARN_STRICT_PROTOTYPES = YES;
				CLANG_WARN_SUSPICIOUS_MOVE = YES;
				CLANG_WARN_UNGUARDED_AVAILABILITY = YES_AGGRESSIVE;
				CLANG_WARN_UNREACHABLE_CODE = YES;
				CLANG_WARN__DUPLICATE_METHOD_MATCH = YES;
				COPY_PHASE_STRIP = NO;
				DEBUG_INFORMATION_FORMAT = dwarf;
				ENABLE_STRICT_OBJC_MSGSEND = YES;
				ENABLE_TESTABILITY = YES;
				GCC_C_LANGUAGE_STANDARD = gnu11;
				GCC_DYNAMIC_NO_PIC = NO;
				GCC_NO_COMMON_BLOCKS = YES;
				GCC_OPTIMIZATION_LEVEL = 0;
				GCC_PREPROCESSOR_DEFINITIONS = (
					"DEBUG=1",
					"$(inherited)",
				);
				GCC_WARN_64_TO_32_BIT_CONVERSION = YES;
				GCC_WARN_ABOUT_RETURN_TYPE = YES_ERROR;
				GCC_WARN_UNDECLARED_SELECTOR = YES;
				GCC_WARN_UNINITIALIZED_AUTOS = YES_AGGRESSIVE;
				GCC_WARN_UNUSED_FUNCTION = YES;
				GCC_WARN_UNUSED_VARIABLE = YES;
				IPHONEOS_DEPLOYMENT_TARGET = 13.5;
				MTL_ENABLE_DEBUG_INFO = INCLUDE_SOURCE;
				MTL_FAST_MATH = YES;
				ONLY_ACTIVE_ARCH = YES;
				SDKROOT = iphoneos;
			};
			name = Debug;
		};
		EC83E47224909B1400D1D8EC /* Release */ = {
			isa = XCBuildConfiguration;
			buildSettings = {
				ALWAYS_SEARCH_USER_PATHS = NO;
				CLANG_ANALYZER_NONNULL = YES;
				CLANG_ANALYZER_NUMBER_OBJECT_CONVERSION = YES_AGGRESSIVE;
				CLANG_CXX_LANGUAGE_STANDARD = "gnu++14";
				CLANG_CXX_LIBRARY = "libc++";
				CLANG_ENABLE_MODULES = YES;
				CLANG_ENABLE_OBJC_ARC = YES;
				CLANG_ENABLE_OBJC_WEAK = YES;
				CLANG_WARN_BLOCK_CAPTURE_AUTORELEASING = YES;
				CLANG_WARN_BOOL_CONVERSION = YES;
				CLANG_WARN_COMMA = YES;
				CLANG_WARN_CONSTANT_CONVERSION = YES;
				CLANG_WARN_DEPRECATED_OBJC_IMPLEMENTATIONS = YES;
				CLANG_WARN_DIRECT_OBJC_ISA_USAGE = YES_ERROR;
				CLANG_WARN_DOCUMENTATION_COMMENTS = YES;
				CLANG_WARN_EMPTY_BODY = YES;
				CLANG_WARN_ENUM_CONVERSION = YES;
				CLANG_WARN_INFINITE_RECURSION = YES;
				CLANG_WARN_INT_CONVERSION = YES;
				CLANG_WARN_NON_LITERAL_NULL_CONVERSION = YES;
				CLANG_WARN_OBJC_IMPLICIT_RETAIN_SELF = YES;
				CLANG_WARN_OBJC_LITERAL_CONVERSION = YES;
				CLANG_WARN_OBJC_ROOT_CLASS = YES_ERROR;
				CLANG_WARN_RANGE_LOOP_ANALYSIS = YES;
				CLANG_WARN_STRICT_PROTOTYPES = YES;
				CLANG_WARN_SUSPICIOUS_MOVE = YES;
				CLANG_WARN_UNGUARDED_AVAILABILITY = YES_AGGRESSIVE;
				CLANG_WARN_UNREACHABLE_CODE = YES;
				CLANG_WARN__DUPLICATE_METHOD_MATCH = YES;
				COPY_PHASE_STRIP = NO;
				DEBUG_INFORMATION_FORMAT = "dwarf-with-dsym";
				ENABLE_NS_ASSERTIONS = NO;
				ENABLE_STRICT_OBJC_MSGSEND = YES;
				GCC_C_LANGUAGE_STANDARD = gnu11;
				GCC_NO_COMMON_BLOCKS = YES;
				GCC_WARN_64_TO_32_BIT_CONVERSION = YES;
				GCC_WARN_ABOUT_RETURN_TYPE = YES_ERROR;
				GCC_WARN_UNDECLARED_SELECTOR = YES;
				GCC_WARN_UNINITIALIZED_AUTOS = YES_AGGRESSIVE;
				GCC_WARN_UNUSED_FUNCTION = YES;
				GCC_WARN_UNUSED_VARIABLE = YES;
				IPHONEOS_DEPLOYMENT_TARGET = 13.5;
				MTL_ENABLE_DEBUG_INFO = NO;
				MTL_FAST_MATH = YES;
				SDKROOT = iphoneos;
				VALIDATE_PRODUCT = YES;
			};
			name = Release;
		};
		EC83E47424909B1400D1D8EC /* Debug */ = {
			isa = XCBuildConfiguration;
			buildSettings = {
				ASSETCATALOG_COMPILER_APPICON_NAME = AppIcon;
				CODE_SIGN_STYLE = Automatic;
				DEVELOPMENT_TEAM = 5AXALPLT3Z;
				INFOPLIST_FILE = test/Info.plist;
				LD_RUNPATH_SEARCH_PATHS = (
					"$(inherited)",
					"@executable_path/Frameworks",
				);
				LIBRARY_SEARCH_PATHS = (
					"$(inherited)",
					"$(PROJECT_DIR)/test/Source\\ Cpp",
					"$(PROJECT_DIR)/test/Source\\ Cpp",
					"$(PROJECT_DIR)/test",
				);
				PRODUCT_BUNDLE_IDENTIFIER = anhthai.test;
				PRODUCT_NAME = "$(TARGET_NAME)";
				TARGETED_DEVICE_FAMILY = "1,2";
			};
			name = Debug;
		};
		EC83E47524909B1400D1D8EC /* Release */ = {
			isa = XCBuildConfiguration;
			buildSettings = {
				ASSETCATALOG_COMPILER_APPICON_NAME = AppIcon;
				CODE_SIGN_STYLE = Automatic;
				DEVELOPMENT_TEAM = 5AXALPLT3Z;
				INFOPLIST_FILE = test/Info.plist;
				LD_RUNPATH_SEARCH_PATHS = (
					"$(inherited)",
					"@executable_path/Frameworks",
				);
				LIBRARY_SEARCH_PATHS = (
					"$(inherited)",
					"$(PROJECT_DIR)/test/Source\\ Cpp",
					"$(PROJECT_DIR)/test/Source\\ Cpp",
					"$(PROJECT_DIR)/test",
				);
				PRODUCT_BUNDLE_IDENTIFIER = anhthai.test;
				PRODUCT_NAME = "$(TARGET_NAME)";
				TARGETED_DEVICE_FAMILY = "1,2";
			};
			name = Release;
		};
/* End XCBuildConfiguration section */

/* Begin XCConfigurationList section */
		EC83E45524909B1100D1D8EC /* Build configuration list for PBXProject "test" */ = {
			isa = XCConfigurationList;
			buildConfigurations = (
				EC83E47124909B1400D1D8EC /* Debug */,
				EC83E47224909B1400D1D8EC /* Release */,
			);
			defaultConfigurationIsVisible = 0;
			defaultConfigurationName = Release;
		};
		EC83E47324909B1400D1D8EC /* Build configuration list for PBXNativeTarget "test" */ = {
			isa = XCConfigurationList;
			buildConfigurations = (
				EC83E47424909B1400D1D8EC /* Debug */,
				EC83E47524909B1400D1D8EC /* Release */,
			);
			defaultConfigurationIsVisible = 0;
			defaultConfigurationName = Release;
		};
/* End XCConfigurationList section */
	};
	rootObject = EC83E45224909B1100D1D8EC /* Project object */;
}
